
Microsoft Visual Studio Solution File, Format Version 12.00
Project("{FAE04EC0-301F-11D3-BF4B-00C04F79EFBC}") = "Trainline.TechTest.Api", "Trainline.TechTest.Api.csproj", "{B1BF19C2-46C9-46DD-BCE0-D95536B7C5CF}"
EndProject
Global
	GlobalSection(SolutionConfigurationPlatforms) = preSolution
		Debug|Any CPU = Debug|Any CPU
		Release|Any CPU = Release|Any CPU
	EndGlobalSection
	GlobalSection(ProjectConfigurationPlatforms) = postSolution
		{B1BF19C2-46C9-46DD-BCE0-D95536B7C5CF}.Debug|Any CPU.ActiveCfg = Debug|Any CPU
		{B1BF19C2-46C9-46DD-BCE0-D95536B7C5CF}.Debug|Any CPU.Build.0 = Debug|Any CPU
		{B1BF19C2-46C9-46DD-BCE0-D95536B7C5CF}.Release|Any CPU.ActiveCfg = Release|Any CPU
		{B1BF19C2-46C9-46DD-BCE0-D95536B7C5CF}.Release|Any CPU.Build.0 = Release|Any CPU
	EndGlobalSection
EndGlobal
